
Microsoft Visual Studio Solution File, Format Version 12.00
# Visual Studio Version 17
VisualStudioVersion = 17.4.33205.214
MinimumVisualStudioVersion = 10.0.40219.1
Project("{9A19103F-16F7-4668-BE54-9A1E7A4F7556}") = "PvPet.API", "PvPet.API\PvPet.API.csproj", "{2D5EBF28-542F-42A8-993D-DF2238DCF3B2}"
EndProject
Project("{FAE04EC0-301F-11D3-BF4B-00C04F79EFBC}") = "PvPet.Business", "PvPet.Business\PvPet.Business.csproj", "{EF6F1EEB-F443-4C12-A006-AA6BB170B37F}"
EndProject
Project("{FAE04EC0-301F-11D3-BF4B-00C04F79EFBC}") = "PvPet.Data", "PvPet.Data\PvPet.Data.csproj", "{1C85C509-26A0-46C8-B737-11625521FBBD}"
EndProject
Global
	GlobalSection(SolutionConfigurationPlatforms) = preSolution
		Debug|Any CPU = Debug|Any CPU
		Release|Any CPU = Release|Any CPU
	EndGlobalSection
	GlobalSection(ProjectConfigurationPlatforms) = postSolution
		{2D5EBF28-542F-42A8-993D-DF2238DCF3B2}.Debug|Any CPU.ActiveCfg = Debug|Any CPU
		{2D5EBF28-542F-42A8-993D-DF2238DCF3B2}.Debug|Any CPU.Build.0 = Debug|Any CPU
		{2D5EBF28-542F-42A8-993D-DF2238DCF3B2}.Release|Any CPU.ActiveCfg = Release|Any CPU
		{2D5EBF28-542F-42A8-993D-DF2238DCF3B2}.Release|Any CPU.Build.0 = Release|Any CPU
		{EF6F1EEB-F443-4C12-A006-AA6BB170B37F}.Debug|Any CPU.ActiveCfg = Debug|Any CPU
		{EF6F1EEB-F443-4C12-A006-AA6BB170B37F}.Debug|Any CPU.Build.0 = Debug|Any CPU
		{EF6F1EEB-F443-4C12-A006-AA6BB170B37F}.Release|Any CPU.ActiveCfg = Release|Any CPU
		{EF6F1EEB-F443-4C12-A006-AA6BB170B37F}.Release|Any CPU.Build.0 = Release|Any CPU
		{1C85C509-26A0-46C8-B737-11625521FBBD}.Debug|Any CPU.ActiveCfg = Debug|Any CPU
		{1C85C509-26A0-46C8-B737-11625521FBBD}.Debug|Any CPU.Build.0 = Debug|Any CPU
		{1C85C509-26A0-46C8-B737-11625521FBBD}.Release|Any CPU.ActiveCfg = Release|Any CPU
		{1C85C509-26A0-46C8-B737-11625521FBBD}.Release|Any CPU.Build.0 = Release|Any CPU
	EndGlobalSection
	GlobalSection(SolutionProperties) = preSolution
		HideSolutionNode = FALSE
	EndGlobalSection
	GlobalSection(ExtensibilityGlobals) = postSolution
		SolutionGuid = {8F3CCE42-F1B0-4570-ABA6-B1D84E87FA8E}
	EndGlobalSection
EndGlobal
